// !$*UTF8*$!
{
	archiveVersion = 1;
	classes = {
	};
	objectVersion = 56;
	objects = {

/* Begin PBXBuildFile section */
		2E6C271D2B499D4100C87B4A /* AppDelegate.swift in Sources */ = {isa = PBXBuildFile; fileRef = 2E6C271C2B499D4100C87B4A /* AppDelegate.swift */; };
		2E6C271F2B499D4100C87B4A /* SceneDelegate.swift in Sources */ = {isa = PBXBuildFile; fileRef = 2E6C271E2B499D4100C87B4A /* SceneDelegate.swift */; };
		2E6C27242B499D4100C87B4A /* Main.storyboard in Resources */ = {isa = PBXBuildFile; fileRef = 2E6C27222B499D4100C87B4A /* Main.storyboard */; };
		2E6C27262B499D4300C87B4A /* Assets.xcassets in Resources */ = {isa = PBXBuildFile; fileRef = 2E6C27252B499D4300C87B4A /* Assets.xcassets */; };
		2E6C27292B499D4300C87B4A /* LaunchScreen.storyboard in Resources */ = {isa = PBXBuildFile; fileRef = 2E6C27272B499D4300C87B4A /* LaunchScreen.storyboard */; };
		2E6C27322B499E2100C87B4A /* ConcentrationModeTableViewController.swift in Sources */ = {isa = PBXBuildFile; fileRef = 2E6C27312B499E2100C87B4A /* ConcentrationModeTableViewController.swift */; };
		2E6C27342B499EAB00C87B4A /* ConcentrationModeTableViewCell.swift in Sources */ = {isa = PBXBuildFile; fileRef = 2E6C27332B499EAB00C87B4A /* ConcentrationModeTableViewCell.swift */; };
/* End PBXBuildFile section */

/* Begin PBXFileReference section */
		2E6C27192B499D4100C87B4A /* SeSacTableView.app */ = {isa = PBXFileReference; explicitFileType = wrapper.application; includeInIndex = 0; path = SeSacTableView.app; sourceTree = BUILT_PRODUCTS_DIR; };
		2E6C271C2B499D4100C87B4A /* AppDelegate.swift */ = {isa = PBXFileReference; lastKnownFileType = sourcecode.swift; path = AppDelegate.swift; sourceTree = "<group>"; };
		2E6C271E2B499D4100C87B4A /* SceneDelegate.swift */ = {isa = PBXFileReference; lastKnownFileType = sourcecode.swift; path = SceneDelegate.swift; sourceTree = "<group>"; };
		2E6C27232B499D4100C87B4A /* Base */ = {isa = PBXFileReference; lastKnownFileType = file.storyboard; name = Base; path = Base.lproj/Main.storyboard; sourceTree = "<group>"; };
		2E6C27252B499D4300C87B4A /* Assets.xcassets */ = {isa = PBXFileReference; lastKnownFileType = folder.assetcatalog; path = Assets.xcassets; sourceTree = "<group>"; };
		2E6C27282B499D4300C87B4A /* Base */ = {isa = PBXFileReference; lastKnownFileType = file.storyboard; name = Base; path = Base.lproj/LaunchScreen.storyboard; sourceTree = "<group>"; };
		2E6C272A2B499D4300C87B4A /* Info.plist */ = {isa = PBXFileReference; lastKnownFileType = text.plist.xml; path = Info.plist; sourceTree = "<group>"; };
		2E6C27312B499E2100C87B4A /* ConcentrationModeTableViewController.swift */ = {isa = PBXFileReference; lastKnownFileType = sourcecode.swift; path = ConcentrationModeTableViewController.swift; sourceTree = "<group>"; };
		2E6C27332B499EAB00C87B4A /* ConcentrationModeTableViewCell.swift */ = {isa = PBXFileReference; lastKnownFileType = sourcecode.swift; path = ConcentrationModeTableViewCell.swift; sourceTree = "<group>"; };
/* End PBXFileReference section */

/* Begin PBXFrameworksBuildPhase section */
		2E6C27162B499D4100C87B4A /* Frameworks */ = {
			isa = PBXFrameworksBuildPhase;
			buildActionMask = 2147483647;
			files = (
			);
			runOnlyForDeploymentPostprocessing = 0;
		};
/* End PBXFrameworksBuildPhase section */

/* Begin PBXGroup section */
		2E6C27102B499D4100C87B4A = {
			isa = PBXGroup;
			children = (
				2E6C271B2B499D4100C87B4A /* SeSacTableView */,
				2E6C271A2B499D4100C87B4A /* Products */,
			);
			sourceTree = "<group>";
		};
		2E6C271A2B499D4100C87B4A /* Products */ = {
			isa = PBXGroup;
			children = (
				2E6C27192B499D4100C87B4A /* SeSacTableView.app */,
			);
			name = Products;
			sourceTree = "<group>";
		};
		2E6C271B2B499D4100C87B4A /* SeSacTableView */ = {
			isa = PBXGroup;
			children = (
				2E6C271C2B499D4100C87B4A /* AppDelegate.swift */,
				2E6C271E2B499D4100C87B4A /* SceneDelegate.swift */,
				2E6C27222B499D4100C87B4A /* Main.storyboard */,
				2E6C27302B499DED00C87B4A /* ConcentrationMode */,
				2E6C27252B499D4300C87B4A /* Assets.xcassets */,
				2E6C27272B499D4300C87B4A /* LaunchScreen.storyboard */,
				2E6C272A2B499D4300C87B4A /* Info.plist */,
			);
			path = SeSacTableView;
			sourceTree = "<group>";
		};
		2E6C27302B499DED00C87B4A /* ConcentrationMode */ = {
			isa = PBXGroup;
			children = (
				2E6C27312B499E2100C87B4A /* ConcentrationModeTableViewController.swift */,
				2E6C27332B499EAB00C87B4A /* ConcentrationModeTableViewCell.swift */,
			);
			path = ConcentrationMode;
			sourceTree = "<group>";
		};
/* End PBXGroup section */

/* Begin PBXNativeTarget section */
		2E6C27182B499D4100C87B4A /* SeSacTableView */ = {
			isa = PBXNativeTarget;
			buildConfigurationList = 2E6C272D2B499D4300C87B4A /* Build configuration list for PBXNativeTarget "SeSacTableView" */;
			buildPhases = (
				2E6C27152B499D4100C87B4A /* Sources */,
				2E6C27162B499D4100C87B4A /* Frameworks */,
				2E6C27172B499D4100C87B4A /* Resources */,
			);
			buildRules = (
			);
			dependencies = (
			);
			name = SeSacTableView;
			productName = SeSacTableView;
			productReference = 2E6C27192B499D4100C87B4A /* SeSacTableView.app */;
			productType = "com.apple.product-type.application";
		};
/* End PBXNativeTarget section */

/* Begin PBXProject section */
		2E6C27112B499D4100C87B4A /* Project object */ = {
			isa = PBXProject;
			attributes = {
				BuildIndependentTargetsInParallel = 1;
				LastSwiftUpdateCheck = 1510;
				LastUpgradeCheck = 1510;
				TargetAttributes = {
					2E6C27182B499D4100C87B4A = {
						CreatedOnToolsVersion = 15.1;
					};
				};
			};
			buildConfigurationList = 2E6C27142B499D4100C87B4A /* Build configuration list for PBXProject "SeSacTableView" */;
			compatibilityVersion = "Xcode 14.0";
			developmentRegion = en;
			hasScannedForEncodings = 0;
			knownRegions = (
				en,
				Base,
			);
			mainGroup = 2E6C27102B499D4100C87B4A;
			productRefGroup = 2E6C271A2B499D4100C87B4A /* Products */;
			projectDirPath = "";
			projectRoot = "";
			targets = (
				2E6C27182B499D4100C87B4A /* SeSacTableView */,
			);
		};
/* End PBXProject section */

/* Begin PBXResourcesBuildPhase section */
		2E6C27172B499D4100C87B4A /* Resources */ = {
			isa = PBXResourcesBuildPhase;
			buildActionMask = 2147483647;
			files = (
				2E6C27292B499D4300C87B4A /* LaunchScreen.storyboard in Resources */,
				2E6C27262B499D4300C87B4A /* Assets.xcassets in Resources */,
				2E6C27242B499D4100C87B4A /* Main.storyboard in Resources */,
			);
			runOnlyForDeploymentPostprocessing = 0;
		};
/* End PBXResourcesBuildPhase section */

/* Begin PBXSourcesBuildPhase section */
		2E6C27152B499D4100C87B4A /* Sources */ = {
			isa = PBXSourcesBuildPhase;
			buildActionMask = 2147483647;
			files = (
				2E6C271D2B499D4100C87B4A /* AppDelegate.swift in Sources */,
				2E6C271F2B499D4100C87B4A /* SceneDelegate.swift in Sources */,
				2E6C27342B499EAB00C87B4A /* ConcentrationModeTableViewCell.swift in Sources */,
				2E6C27322B499E2100C87B4A /* ConcentrationModeTableViewController.swift in Sources */,
			);
			runOnlyForDeploymentPostprocessing = 0;
		};
/* End PBXSourcesBuildPhase section */

/* Begin PBXVariantGroup section */
		2E6C27222B499D4100C87B4A /* Main.storyboard */ = {
			isa = PBXVariantGroup;
			children = (
				2E6C27232B499D4100C87B4A /* Base */,
			);
			name = Main.storyboard;
			sourceTree = "<group>";
		};
		2E6C27272B499D4300C87B4A /* LaunchScreen.storyboard */ = {
			isa = PBXVariantGroup;
			children = (
				2E6C27282B499D4300C87B4A /* Base */,
			);
			name = LaunchScreen.storyboard;
			sourceTree = "<group>";
		};
/* End PBXVariantGroup section */

/* Begin XCBuildConfiguration section */
		2E6C272B2B499D4300C87B4A /* Debug */ = {
			isa = XCBuildConfiguration;
			buildSettings = {
				ALWAYS_SEARCH_USER_PATHS = NO;
				ASSETCATALOG_COMPILER_GENERATE_SWIFT_ASSET_SYMBOL_EXTENSIONS = YES;
				CLANG_ANALYZER_NONNULL = YES;
				CLANG_ANALYZER_NUMBER_OBJECT_CONVERSION = YES_AGGRESSIVE;
				CLANG_CXX_LANGUAGE_STANDARD = "gnu++20";
				CLANG_ENABLE_MODULES = YES;
				CLANG_ENABLE_OBJC_ARC = YES;
				CLANG_ENABLE_OBJC_WEAK = YES;
				CLANG_WARN_BLOCK_CAPTURE_AUTORELEASING = YES;
				CLANG_WARN_BOOL_CONVERSION = YES;
				CLANG_WARN_COMMA = YES;
				CLANG_WARN_CONSTANT_CONVERSION = YES;
				CLANG_WARN_DEPRECATED_OBJC_IMPLEMENTATIONS = YES;
				CLANG_WARN_DIRECT_OBJC_ISA_USAGE = YES_ERROR;
				CLANG_WARN_DOCUMENTATION_COMMENTS = YES;
				CLANG_WARN_EMPTY_BODY = YES;
				CLANG_WARN_ENUM_CONVERSION = YES;
				CLANG_WARN_INFINITE_RECURSION = YES;
				CLANG_WARN_INT_CONVERSION = YES;
				CLANG_WARN_NON_LITERAL_NULL_CONVERSION = YES;
				CLANG_WARN_OBJC_IMPLICIT_RETAIN_SELF = YES;
				CLANG_WARN_OBJC_LITERAL_CONVERSION = YES;
				CLANG_WARN_OBJC_ROOT_CLASS = YES_ERROR;
				CLANG_WARN_QUOTED_INCLUDE_IN_FRAMEWORK_HEADER = YES;
				CLANG_WARN_RANGE_LOOP_ANALYSIS = YES;
				CLANG_WARN_STRICT_PROTOTYPES = YES;
				CLANG_WARN_SUSPICIOUS_MOVE = YES;
				CLANG_WARN_UNGUARDED_AVAILABILITY = YES_AGGRESSIVE;
				CLANG_WARN_UNREACHABLE_CODE = YES;
				CLANG_WARN__DUPLICATE_METHOD_MATCH = YES;
				COPY_PHASE_STRIP = NO;
				DEBUG_INFORMATION_FORMAT = dwarf;
				ENABLE_STRICT_OBJC_MSGSEND = YES;
				ENABLE_TESTABILITY = YES;
				ENABLE_USER_SCRIPT_SANDBOXING = YES;
				GCC_C_LANGUAGE_STANDARD = gnu17;
				GCC_DYNAMIC_NO_PIC = NO;
				GCC_NO_COMMON_BLOCKS = YES;
				GCC_OPTIMIZATION_LEVEL = 0;
				GCC_PREPROCESSOR_DEFINITIONS = (
					"DEBUG=1",
					"$(inherited)",
				);
				GCC_WARN_64_TO_32_BIT_CONVERSION = YES;
				GCC_WARN_ABOUT_RETURN_TYPE = YES_ERROR;
				GCC_WARN_UNDECLARED_SELECTOR = YES;
				GCC_WARN_UNINITIALIZED_AUTOS = YES_AGGRESSIVE;
				GCC_WARN_UNUSED_FUNCTION = YES;
				GCC_WARN_UNUSED_VARIABLE = YES;
				IPHONEOS_DEPLOYMENT_TARGET = 17.2;
				LOCALIZATION_PREFERS_STRING_CATALOGS = YES;
				MTL_ENABLE_DEBUG_INFO = INCLUDE_SOURCE;
				MTL_FAST_MATH = YES;
				ONLY_ACTIVE_ARCH = YES;
				SDKROOT = iphoneos;
				SWIFT_ACTIVE_COMPILATION_CONDITIONS = "DEBUG $(inherited)";
				SWIFT_OPTIMIZATION_LEVEL = "-Onone";
			};
			name = Debug;
		};
		2E6C272C2B499D4300C87B4A /* Release */ = {
			isa = XCBuildConfiguration;
			buildSettings = {
				ALWAYS_SEARCH_USER_PATHS = NO;
				ASSETCATALOG_COMPILER_GENERATE_SWIFT_ASSET_SYMBOL_EXTENSIONS = YES;
				CLANG_ANALYZER_NONNULL = YES;
				CLANG_ANALYZER_NUMBER_OBJECT_CONVERSION = YES_AGGRESSIVE;
				CLANG_CXX_LANGUAGE_STANDARD = "gnu++20";
				CLANG_ENABLE_MODULES = YES;
				CLANG_ENABLE_OBJC_ARC = YES;
				CLANG_ENABLE_OBJC_WEAK = YES;
				CLANG_WARN_BLOCK_CAPTURE_AUTORELEASING = YES;
				CLANG_WARN_BOOL_CONVERSION = YES;
				CLANG_WARN_COMMA = YES;
				CLANG_WARN_CONSTANT_CONVERSION = YES;
				CLANG_WARN_DEPRECATED_OBJC_IMPLEMENTATIONS = YES;
				CLANG_WARN_DIRECT_OBJC_ISA_USAGE = YES_ERROR;
				CLANG_WARN_DOCUMENTATION_COMMENTS = YES;
				CLANG_WARN_EMPTY_BODY = YES;
				CLANG_WARN_ENUM_CONVERSION = YES;
				CLANG_WARN_INFINITE_RECURSION = YES;
				CLANG_WARN_INT_CONVERSION = YES;
				CLANG_WARN_NON_LITERAL_NULL_CONVERSION = YES;
				CLANG_WARN_OBJC_IMPLICIT_RETAIN_SELF = YES;
				CLANG_WARN_OBJC_LITERAL_CONVERSION = YES;
				CLANG_WARN_OBJC_ROOT_CLASS = YES_ERROR;
				CLANG_WARN_QUOTED_INCLUDE_IN_FRAMEWORK_HEADER = YES;
				CLANG_WARN_RANGE_LOOP_ANALYSIS = YES;
				CLANG_WARN_STRICT_PROTOTYPES = YES;
				CLANG_WARN_SUSPICIOUS_MOVE = YES;
				CLANG_WARN_UNGUARDED_AVAILABILITY = YES_AGGRESSIVE;
				CLANG_WARN_UNREACHABLE_CODE = YES;
				CLANG_WARN__DUPLICATE_METHOD_MATCH = YES;
				COPY_PHASE_STRIP = NO;
				DEBUG_INFORMATION_FORMAT = "dwarf-with-dsym";
				ENABLE_NS_ASSERTIONS = NO;
				ENABLE_STRICT_OBJC_MSGSEND = YES;
				ENABLE_USER_SCRIPT_SANDBOXING = YES;
				GCC_C_LANGUAGE_STANDARD = gnu17;
				GCC_NO_COMMON_BLOCKS = YES;
				GCC_WARN_64_TO_32_BIT_CONVERSION = YES;
				GCC_WARN_ABOUT_RETURN_TYPE = YES_ERROR;
				GCC_WARN_UNDECLARED_SELECTOR = YES;
				GCC_WARN_UNINITIALIZED_AUTOS = YES_AGGRESSIVE;
				GCC_WARN_UNUSED_FUNCTION = YES;
				GCC_WARN_UNUSED_VARIABLE = YES;
				IPHONEOS_DEPLOYMENT_TARGET = 17.2;
				LOCALIZATION_PREFERS_STRING_CATALOGS = YES;
				MTL_ENABLE_DEBUG_INFO = NO;
				MTL_FAST_MATH = YES;
				SDKROOT = iphoneos;
				SWIFT_COMPILATION_MODE = wholemodule;
				VALIDATE_PRODUCT = YES;
			};
			name = Release;
		};
		2E6C272E2B499D4300C87B4A /* Debug */ = {
			isa = XCBuildConfiguration;
			buildSettings = {
				ASSETCATALOG_COMPILER_APPICON_NAME = AppIcon;
				ASSETCATALOG_COMPILER_GLOBAL_ACCENT_COLOR_NAME = AccentColor;
				CODE_SIGN_STYLE = Automatic;
				CURRENT_PROJECT_VERSION = 1;
				DEVELOPMENT_TEAM = Q37X3LG46V;
				GENERATE_INFOPLIST_FILE = YES;
				INFOPLIST_FILE = SeSacTableView/Info.plist;
				INFOPLIST_KEY_UIApplicationSupportsIndirectInputEvents = YES;
				INFOPLIST_KEY_UILaunchStoryboardName = LaunchScreen;
				INFOPLIST_KEY_UIMainStoryboardFile = Main;
				INFOPLIST_KEY_UISupportedInterfaceOrientations_iPad = "UIInterfaceOrientationPortrait UIInterfaceOrientationPortraitUpsideDown UIInterfaceOrientationLandscapeLeft UIInterfaceOrientationLandscapeRight";
				INFOPLIST_KEY_UISupportedInterfaceOrientations_iPhone = "UIInterfaceOrientationPortrait UIInterfaceOrientationLandscapeLeft UIInterfaceOrientationLandscapeRight";
				LD_RUNPATH_SEARCH_PATHS = (
					"$(inherited)",
					"@executable_path/Frameworks",
				);
				MARKETING_VERSION = 1.0;
				PRODUCT_BUNDLE_IDENTIFIER = hwijin.SeSacTableView;
				PRODUCT_NAME = "$(TARGET_NAME)";
				SUPPORTED_PLATFORMS = "iphoneos iphonesimulator";
				SUPPORTS_MACCATALYST = NO;
				SUPPORTS_MAC_DESIGNED_FOR_IPHONE_IPAD = NO;
				SWIFT_EMIT_LOC_STRINGS = YES;
				SWIFT_VERSION = 5.0;
				TARGETED_DEVICE_FAMILY = 1;
			};
			name = Debug;
		};
		2E6C272F2B499D4300C87B4A /* Release */ = {
			isa = XCBuildConfiguration;
			buildSettings = {
				ASSETCATALOG_COMPILER_APPICON_NAME = AppIcon;
				ASSETCATALOG_COMPILER_GLOBAL_ACCENT_COLOR_NAME = AccentColor;
				CODE_SIGN_STYLE = Automatic;
				CURRENT_PROJECT_VERSION = 1;
				DEVELOPMENT_TEAM = Q37X3LG46V;
				GENERATE_INFOPLIST_FILE = YES;
				INFOPLIST_FILE = SeSacTableView/Info.plist;
				INFOPLIST_KEY_UIApplicationSupportsIndirectInputEvents = YES;
				INFOPLIST_KEY_UILaunchStoryboardName = LaunchScreen;
				INFOPLIST_KEY_UIMainStoryboardFile = Main;
				INFOPLIST_KEY_UISupportedInterfaceOrientations_iPad = "UIInterfaceOrientationPortrait UIInterfaceOrientationPortraitUpsideDown UIInterfaceOrientationLandscapeLeft UIInterfaceOrientationLandscapeRight";
				INFOPLIST_KEY_UISupportedInterfaceOrientations_iPhone = "UIInterfaceOrientationPortrait UIInterfaceOrientationLandscapeLeft UIInterfaceOrientationLandscapeRight";
				LD_RUNPATH_SEARCH_PATHS = (
					"$(inherited)",
					"@executable_path/Frameworks",
				);
				MARKETING_VERSION = 1.0;
				PRODUCT_BUNDLE_IDENTIFIER = hwijin.SeSacTableView;
				PRODUCT_NAME = "$(TARGET_NAME)";
				SUPPORTED_PLATFORMS = "iphoneos iphonesimulator";
				SUPPORTS_MACCATALYST = NO;
				SUPPORTS_MAC_DESIGNED_FOR_IPHONE_IPAD = NO;
				SWIFT_EMIT_LOC_STRINGS = YES;
				SWIFT_VERSION = 5.0;
				TARGETED_DEVICE_FAMILY = 1;
			};
			name = Release;
		};
/* End XCBuildConfiguration section */

/* Begin XCConfigurationList section */
		2E6C27142B499D4100C87B4A /* Build configuration list for PBXProject "SeSacTableView" */ = {
			isa = XCConfigurationList;
			buildConfigurations = (
				2E6C272B2B499D4300C87B4A /* Debug */,
				2E6C272C2B499D4300C87B4A /* Release */,
			);
			defaultConfigurationIsVisible = 0;
			defaultConfigurationName = Release;
		};
		2E6C272D2B499D4300C87B4A /* Build configuration list for PBXNativeTarget "SeSacTableView" */ = {
			isa = XCConfigurationList;
			buildConfigurations = (
				2E6C272E2B499D4300C87B4A /* Debug */,
				2E6C272F2B499D4300C87B4A /* Release */,
			);
			defaultConfigurationIsVisible = 0;
			defaultConfigurationName = Release;
		};
/* End XCConfigurationList section */
	};
	rootObject = 2E6C27112B499D4100C87B4A /* Project object */;
}
